// !$*UTF8*$!
{
	archiveVersion = 1;
	classes = {
	};
	objectVersion = 50;
	objects = {

/* Begin PBXBuildFile section */
		14474A4D25F6E8FB00B51793 /* PrintTagsView.swift in Sources */ = {isa = PBXBuildFile; fileRef = 14474A4C25F6E8FB00B51793 /* PrintTagsView.swift */; };
		14474A5025F6E9DB00B51793 /* ManageMapsView.swift in Sources */ = {isa = PBXBuildFile; fileRef = 14474A4F25F6E9DB00B51793 /* ManageMapsView.swift */; };
		14474A5625F6EA7000B51793 /* SettingsView.swift in Sources */ = {isa = PBXBuildFile; fileRef = 14474A5525F6EA7000B51793 /* SettingsView.swift */; };
		14474A5925F6EA8500B51793 /* VideoWalkthroughView.swift in Sources */ = {isa = PBXBuildFile; fileRef = 14474A5825F6EA8500B51793 /* VideoWalkthroughView.swift */; };
		14474A5D25F6EB0800B51793 /* GiveFeedbackView.swift in Sources */ = {isa = PBXBuildFile; fileRef = 14474A5C25F6EB0800B51793 /* GiveFeedbackView.swift */; };
		1470FAFF25F205EA00564036 /* InvisibleMapCreatorApp.swift in Sources */ = {isa = PBXBuildFile; fileRef = 1470FAFE25F205EA00564036 /* InvisibleMapCreatorApp.swift */; };
		1470FB0125F205EA00564036 /* ContentView.swift in Sources */ = {isa = PBXBuildFile; fileRef = 1470FB0025F205EA00564036 /* ContentView.swift */; };
		1470FB0325F205F600564036 /* Assets.xcassets in Resources */ = {isa = PBXBuildFile; fileRef = 1470FB0225F205F600564036 /* Assets.xcassets */; };
		1470FB0625F205F600564036 /* Preview Assets.xcassets in Resources */ = {isa = PBXBuildFile; fileRef = 1470FB0525F205F600564036 /* Preview Assets.xcassets */; };
		1470FB1025F2062A00564036 /* AppState.swift in Sources */ = {isa = PBXBuildFile; fileRef = 1470FB0F25F2062A00564036 /* AppState.swift */; };
		1470FB1525F2064A00564036 /* StateType.swift in Sources */ = {isa = PBXBuildFile; fileRef = 1470FB1425F2064A00564036 /* StateType.swift */; };
		1470FB1825F2065F00564036 /* AppController.swift in Sources */ = {isa = PBXBuildFile; fileRef = 1470FB1725F2065F00564036 /* AppController.swift */; };
		1470FB1C25F2067600564036 /* MapRecorder.swift in Sources */ = {isa = PBXBuildFile; fileRef = 1470FB1B25F2067600564036 /* MapRecorder.swift */; };
		1470FB2125F27CC700564036 /* SideMenuViewModel.swift in Sources */ = {isa = PBXBuildFile; fileRef = 1470FB2025F27CC700564036 /* SideMenuViewModel.swift */; };
		1470FB2625F27CF500564036 /* SideMenuOptionView.swift in Sources */ = {isa = PBXBuildFile; fileRef = 1470FB2525F27CF500564036 /* SideMenuOptionView.swift */; };
		1470FB2A25F27D0000564036 /* SideMenuView.swift in Sources */ = {isa = PBXBuildFile; fileRef = 1470FB2925F27D0000564036 /* SideMenuView.swift */; };
		14752BA32604E31900201669 /* ARView.swift in Sources */ = {isa = PBXBuildFile; fileRef = 14752BA22604E31900201669 /* ARView.swift */; };
/* End PBXBuildFile section */

/* Begin PBXFileReference section */
		14474A4C25F6E8FB00B51793 /* PrintTagsView.swift */ = {isa = PBXFileReference; lastKnownFileType = sourcecode.swift; path = PrintTagsView.swift; sourceTree = "<group>"; };
		14474A4F25F6E9DB00B51793 /* ManageMapsView.swift */ = {isa = PBXFileReference; lastKnownFileType = sourcecode.swift; path = ManageMapsView.swift; sourceTree = "<group>"; };
		14474A5525F6EA7000B51793 /* SettingsView.swift */ = {isa = PBXFileReference; lastKnownFileType = sourcecode.swift; path = SettingsView.swift; sourceTree = "<group>"; };
		14474A5825F6EA8500B51793 /* VideoWalkthroughView.swift */ = {isa = PBXFileReference; lastKnownFileType = sourcecode.swift; path = VideoWalkthroughView.swift; sourceTree = "<group>"; };
		14474A5C25F6EB0800B51793 /* GiveFeedbackView.swift */ = {isa = PBXFileReference; lastKnownFileType = sourcecode.swift; path = GiveFeedbackView.swift; sourceTree = "<group>"; };
		1470FAFB25F205EA00564036 /* InvisibleMapCreator.app */ = {isa = PBXFileReference; explicitFileType = wrapper.application; includeInIndex = 0; path = InvisibleMapCreator.app; sourceTree = BUILT_PRODUCTS_DIR; };
		1470FAFE25F205EA00564036 /* InvisibleMapCreatorApp.swift */ = {isa = PBXFileReference; lastKnownFileType = sourcecode.swift; path = InvisibleMapCreatorApp.swift; sourceTree = "<group>"; };
		1470FB0025F205EA00564036 /* ContentView.swift */ = {isa = PBXFileReference; lastKnownFileType = sourcecode.swift; path = ContentView.swift; sourceTree = "<group>"; };
		1470FB0225F205F600564036 /* Assets.xcassets */ = {isa = PBXFileReference; lastKnownFileType = folder.assetcatalog; path = Assets.xcassets; sourceTree = "<group>"; };
		1470FB0525F205F600564036 /* Preview Assets.xcassets */ = {isa = PBXFileReference; lastKnownFileType = folder.assetcatalog; path = "Preview Assets.xcassets"; sourceTree = "<group>"; };
		1470FB0725F205F600564036 /* Info.plist */ = {isa = PBXFileReference; lastKnownFileType = text.plist.xml; path = Info.plist; sourceTree = "<group>"; };
		1470FB0F25F2062A00564036 /* AppState.swift */ = {isa = PBXFileReference; lastKnownFileType = sourcecode.swift; path = AppState.swift; sourceTree = "<group>"; };
		1470FB1425F2064A00564036 /* StateType.swift */ = {isa = PBXFileReference; lastKnownFileType = sourcecode.swift; path = StateType.swift; sourceTree = "<group>"; };
		1470FB1725F2065F00564036 /* AppController.swift */ = {isa = PBXFileReference; lastKnownFileType = sourcecode.swift; path = AppController.swift; sourceTree = "<group>"; };
		1470FB1B25F2067600564036 /* MapRecorder.swift */ = {isa = PBXFileReference; lastKnownFileType = sourcecode.swift; path = MapRecorder.swift; sourceTree = "<group>"; };
		1470FB2025F27CC700564036 /* SideMenuViewModel.swift */ = {isa = PBXFileReference; lastKnownFileType = sourcecode.swift; path = SideMenuViewModel.swift; sourceTree = "<group>"; };
		1470FB2525F27CF500564036 /* SideMenuOptionView.swift */ = {isa = PBXFileReference; lastKnownFileType = sourcecode.swift; path = SideMenuOptionView.swift; sourceTree = "<group>"; };
		1470FB2925F27D0000564036 /* SideMenuView.swift */ = {isa = PBXFileReference; lastKnownFileType = sourcecode.swift; path = SideMenuView.swift; sourceTree = "<group>"; };
		14752BA22604E31900201669 /* ARView.swift */ = {isa = PBXFileReference; lastKnownFileType = sourcecode.swift; path = ARView.swift; sourceTree = "<group>"; };
/* End PBXFileReference section */

/* Begin PBXFrameworksBuildPhase section */
		1470FAF825F205EA00564036 /* Frameworks */ = {
			isa = PBXFrameworksBuildPhase;
			buildActionMask = 2147483647;
			files = (
			);
			runOnlyForDeploymentPostprocessing = 0;
		};
/* End PBXFrameworksBuildPhase section */

/* Begin PBXGroup section */
		14474A5225F6E9E000B51793 /* Menu Views */ = {
			isa = PBXGroup;
			children = (
				1470FB2925F27D0000564036 /* SideMenuView.swift */,
				1470FB2525F27CF500564036 /* SideMenuOptionView.swift */,
				1470FB2025F27CC700564036 /* SideMenuViewModel.swift */,
				14474A4C25F6E8FB00B51793 /* PrintTagsView.swift */,
				14474A4F25F6E9DB00B51793 /* ManageMapsView.swift */,
				14474A5525F6EA7000B51793 /* SettingsView.swift */,
				14474A5825F6EA8500B51793 /* VideoWalkthroughView.swift */,
				14474A5C25F6EB0800B51793 /* GiveFeedbackView.swift */,
			);
			path = "Menu Views";
			sourceTree = "<group>";
		};
		1470FAF225F205EA00564036 = {
			isa = PBXGroup;
			children = (
				1470FAFD25F205EA00564036 /* InvisibleMapCreator */,
				1470FAFC25F205EA00564036 /* Products */,
			);
			sourceTree = "<group>";
		};
		1470FAFC25F205EA00564036 /* Products */ = {
			isa = PBXGroup;
			children = (
				1470FAFB25F205EA00564036 /* InvisibleMapCreator.app */,
			);
			name = Products;
			sourceTree = "<group>";
		};
		1470FAFD25F205EA00564036 /* InvisibleMapCreator */ = {
			isa = PBXGroup;
			children = (
				1470FAFE25F205EA00564036 /* InvisibleMapCreatorApp.swift */,
				1470FB1F25F27CA100564036 /* Views */,
				1470FB0E25F2060E00564036 /* State Machine */,
				1470FB0225F205F600564036 /* Assets.xcassets */,
				1470FB0725F205F600564036 /* Info.plist */,
				1470FB0425F205F600564036 /* Preview Content */,
			);
			path = InvisibleMapCreator;
			sourceTree = "<group>";
		};
		1470FB0425F205F600564036 /* Preview Content */ = {
			isa = PBXGroup;
			children = (
				1470FB0525F205F600564036 /* Preview Assets.xcassets */,
			);
			path = "Preview Content";
			sourceTree = "<group>";
		};
		1470FB0E25F2060E00564036 /* State Machine */ = {
			isa = PBXGroup;
			children = (
				1470FB1425F2064A00564036 /* StateType.swift */,
				1470FB0F25F2062A00564036 /* AppState.swift */,
				1470FB1725F2065F00564036 /* AppController.swift */,
				1470FB2F25F286B400564036 /* Controllers */,
			);
			path = "State Machine";
			sourceTree = "<group>";
		};
		1470FB1F25F27CA100564036 /* Views */ = {
			isa = PBXGroup;
			children = (
				1470FB0025F205EA00564036 /* ContentView.swift */,
				14752BA22604E31900201669 /* ARView.swift */,
				14474A5225F6E9E000B51793 /* Menu Views */,
			);
			path = Views;
			sourceTree = "<group>";
		};
		1470FB2F25F286B400564036 /* Controllers */ = {
			isa = PBXGroup;
			children = (
				1470FB1B25F2067600564036 /* MapRecorder.swift */,
			);
			path = Controllers;
			sourceTree = "<group>";
		};
/* End PBXGroup section */

/* Begin PBXNativeTarget section */
		1470FAFA25F205EA00564036 /* InvisibleMapCreator */ = {
			isa = PBXNativeTarget;
			buildConfigurationList = 1470FB0A25F205F600564036 /* Build configuration list for PBXNativeTarget "InvisibleMapCreator" */;
			buildPhases = (
				1470FAF725F205EA00564036 /* Sources */,
				1470FAF825F205EA00564036 /* Frameworks */,
				1470FAF925F205EA00564036 /* Resources */,
			);
			buildRules = (
			);
			dependencies = (
			);
			name = InvisibleMapCreator;
			productName = InvisibleMapCreator;
			productReference = 1470FAFB25F205EA00564036 /* InvisibleMapCreator.app */;
			productType = "com.apple.product-type.application";
		};
/* End PBXNativeTarget section */

/* Begin PBXProject section */
		1470FAF325F205EA00564036 /* Project object */ = {
			isa = PBXProject;
			attributes = {
				LastSwiftUpdateCheck = 1240;
				LastUpgradeCheck = 1240;
				TargetAttributes = {
					1470FAFA25F205EA00564036 = {
						CreatedOnToolsVersion = 12.4;
					};
				};
			};
			buildConfigurationList = 1470FAF625F205EA00564036 /* Build configuration list for PBXProject "InvisibleMapCreator" */;
			compatibilityVersion = "Xcode 9.3";
			developmentRegion = en;
			hasScannedForEncodings = 0;
			knownRegions = (
				en,
				Base,
			);
			mainGroup = 1470FAF225F205EA00564036;
			productRefGroup = 1470FAFC25F205EA00564036 /* Products */;
			projectDirPath = "";
			projectRoot = "";
			targets = (
				1470FAFA25F205EA00564036 /* InvisibleMapCreator */,
			);
		};
/* End PBXProject section */

/* Begin PBXResourcesBuildPhase section */
		1470FAF925F205EA00564036 /* Resources */ = {
			isa = PBXResourcesBuildPhase;
			buildActionMask = 2147483647;
			files = (
				1470FB0625F205F600564036 /* Preview Assets.xcassets in Resources */,
				1470FB0325F205F600564036 /* Assets.xcassets in Resources */,
			);
			runOnlyForDeploymentPostprocessing = 0;
		};
/* End PBXResourcesBuildPhase section */

/* Begin PBXSourcesBuildPhase section */
		1470FAF725F205EA00564036 /* Sources */ = {
			isa = PBXSourcesBuildPhase;
			buildActionMask = 2147483647;
			files = (
				14474A5D25F6EB0800B51793 /* GiveFeedbackView.swift in Sources */,
				14474A5025F6E9DB00B51793 /* ManageMapsView.swift in Sources */,
				1470FB1C25F2067600564036 /* MapRecorder.swift in Sources */,
				1470FB2625F27CF500564036 /* SideMenuOptionView.swift in Sources */,
				14752BA32604E31900201669 /* ARView.swift in Sources */,
				1470FB0125F205EA00564036 /* ContentView.swift in Sources */,
				14474A4D25F6E8FB00B51793 /* PrintTagsView.swift in Sources */,
				1470FB1825F2065F00564036 /* AppController.swift in Sources */,
				1470FB2125F27CC700564036 /* SideMenuViewModel.swift in Sources */,
				1470FB1525F2064A00564036 /* StateType.swift in Sources */,
				1470FB2A25F27D0000564036 /* SideMenuView.swift in Sources */,
				14474A5925F6EA8500B51793 /* VideoWalkthroughView.swift in Sources */,
				14474A5625F6EA7000B51793 /* SettingsView.swift in Sources */,
				1470FB1025F2062A00564036 /* AppState.swift in Sources */,
				1470FAFF25F205EA00564036 /* InvisibleMapCreatorApp.swift in Sources */,
			);
			runOnlyForDeploymentPostprocessing = 0;
		};
/* End PBXSourcesBuildPhase section */

/* Begin XCBuildConfiguration section */
		1470FB0825F205F600564036 /* Debug */ = {
			isa = XCBuildConfiguration;
			buildSettings = {
				ALWAYS_SEARCH_USER_PATHS = NO;
				CLANG_ANALYZER_NONNULL = YES;
				CLANG_ANALYZER_NUMBER_OBJECT_CONVERSION = YES_AGGRESSIVE;
				CLANG_CXX_LANGUAGE_STANDARD = "gnu++14";
				CLANG_CXX_LIBRARY = "libc++";
				CLANG_ENABLE_MODULES = YES;
				CLANG_ENABLE_OBJC_ARC = YES;
				CLANG_ENABLE_OBJC_WEAK = YES;
				CLANG_WARN_BLOCK_CAPTURE_AUTORELEASING = YES;
				CLANG_WARN_BOOL_CONVERSION = YES;
				CLANG_WARN_COMMA = YES;
				CLANG_WARN_CONSTANT_CONVERSION = YES;
				CLANG_WARN_DEPRECATED_OBJC_IMPLEMENTATIONS = YES;
				CLANG_WARN_DIRECT_OBJC_ISA_USAGE = YES_ERROR;
				CLANG_WARN_DOCUMENTATION_COMMENTS = YES;
				CLANG_WARN_EMPTY_BODY = YES;
				CLANG_WARN_ENUM_CONVERSION = YES;
				CLANG_WARN_INFINITE_RECURSION = YES;
				CLANG_WARN_INT_CONVERSION = YES;
				CLANG_WARN_NON_LITERAL_NULL_CONVERSION = YES;
				CLANG_WARN_OBJC_IMPLICIT_RETAIN_SELF = YES;
				CLANG_WARN_OBJC_LITERAL_CONVERSION = YES;
				CLANG_WARN_OBJC_ROOT_CLASS = YES_ERROR;
				CLANG_WARN_QUOTED_INCLUDE_IN_FRAMEWORK_HEADER = YES;
				CLANG_WARN_RANGE_LOOP_ANALYSIS = YES;
				CLANG_WARN_STRICT_PROTOTYPES = YES;
				CLANG_WARN_SUSPICIOUS_MOVE = YES;
				CLANG_WARN_UNGUARDED_AVAILABILITY = YES_AGGRESSIVE;
				CLANG_WARN_UNREACHABLE_CODE = YES;
				CLANG_WARN__DUPLICATE_METHOD_MATCH = YES;
				COPY_PHASE_STRIP = NO;
				DEBUG_INFORMATION_FORMAT = dwarf;
				ENABLE_STRICT_OBJC_MSGSEND = YES;
				ENABLE_TESTABILITY = YES;
				GCC_C_LANGUAGE_STANDARD = gnu11;
				GCC_DYNAMIC_NO_PIC = NO;
				GCC_NO_COMMON_BLOCKS = YES;
				GCC_OPTIMIZATION_LEVEL = 0;
				GCC_PREPROCESSOR_DEFINITIONS = (
					"DEBUG=1",
					"$(inherited)",
				);
				GCC_WARN_64_TO_32_BIT_CONVERSION = YES;
				GCC_WARN_ABOUT_RETURN_TYPE = YES_ERROR;
				GCC_WARN_UNDECLARED_SELECTOR = YES;
				GCC_WARN_UNINITIALIZED_AUTOS = YES_AGGRESSIVE;
				GCC_WARN_UNUSED_FUNCTION = YES;
				GCC_WARN_UNUSED_VARIABLE = YES;
				IPHONEOS_DEPLOYMENT_TARGET = 14.4;
				MTL_ENABLE_DEBUG_INFO = INCLUDE_SOURCE;
				MTL_FAST_MATH = YES;
				ONLY_ACTIVE_ARCH = YES;
				SDKROOT = iphoneos;
				SWIFT_ACTIVE_COMPILATION_CONDITIONS = DEBUG;
				SWIFT_OPTIMIZATION_LEVEL = "-Onone";
			};
			name = Debug;
		};
		1470FB0925F205F600564036 /* Release */ = {
			isa = XCBuildConfiguration;
			buildSettings = {
				ALWAYS_SEARCH_USER_PATHS = NO;
				CLANG_ANALYZER_NONNULL = YES;
				CLANG_ANALYZER_NUMBER_OBJECT_CONVERSION = YES_AGGRESSIVE;
				CLANG_CXX_LANGUAGE_STANDARD = "gnu++14";
				CLANG_CXX_LIBRARY = "libc++";
				CLANG_ENABLE_MODULES = YES;
				CLANG_ENABLE_OBJC_ARC = YES;
				CLANG_ENABLE_OBJC_WEAK = YES;
				CLANG_WARN_BLOCK_CAPTURE_AUTORELEASING = YES;
				CLANG_WARN_BOOL_CONVERSION = YES;
				CLANG_WARN_COMMA = YES;
				CLANG_WARN_CONSTANT_CONVERSION = YES;
				CLANG_WARN_DEPRECATED_OBJC_IMPLEMENTATIONS = YES;
				CLANG_WARN_DIRECT_OBJC_ISA_USAGE = YES_ERROR;
				CLANG_WARN_DOCUMENTATION_COMMENTS = YES;
				CLANG_WARN_EMPTY_BODY = YES;
				CLANG_WARN_ENUM_CONVERSION = YES;
				CLANG_WARN_INFINITE_RECURSION = YES;
				CLANG_WARN_INT_CONVERSION = YES;
				CLANG_WARN_NON_LITERAL_NULL_CONVERSION = YES;
				CLANG_WARN_OBJC_IMPLICIT_RETAIN_SELF = YES;
				CLANG_WARN_OBJC_LITERAL_CONVERSION = YES;
				CLANG_WARN_OBJC_ROOT_CLASS = YES_ERROR;
				CLANG_WARN_QUOTED_INCLUDE_IN_FRAMEWORK_HEADER = YES;
				CLANG_WARN_RANGE_LOOP_ANALYSIS = YES;
				CLANG_WARN_STRICT_PROTOTYPES = YES;
				CLANG_WARN_SUSPICIOUS_MOVE = YES;
				CLANG_WARN_UNGUARDED_AVAILABILITY = YES_AGGRESSIVE;
				CLANG_WARN_UNREACHABLE_CODE = YES;
				CLANG_WARN__DUPLICATE_METHOD_MATCH = YES;
				COPY_PHASE_STRIP = NO;
				DEBUG_INFORMATION_FORMAT = "dwarf-with-dsym";
				ENABLE_NS_ASSERTIONS = NO;
				ENABLE_STRICT_OBJC_MSGSEND = YES;
				GCC_C_LANGUAGE_STANDARD = gnu11;
				GCC_NO_COMMON_BLOCKS = YES;
				GCC_WARN_64_TO_32_BIT_CONVERSION = YES;
				GCC_WARN_ABOUT_RETURN_TYPE = YES_ERROR;
				GCC_WARN_UNDECLARED_SELECTOR = YES;
				GCC_WARN_UNINITIALIZED_AUTOS = YES_AGGRESSIVE;
				GCC_WARN_UNUSED_FUNCTION = YES;
				GCC_WARN_UNUSED_VARIABLE = YES;
				IPHONEOS_DEPLOYMENT_TARGET = 14.4;
				MTL_ENABLE_DEBUG_INFO = NO;
				MTL_FAST_MATH = YES;
				SDKROOT = iphoneos;
				SWIFT_COMPILATION_MODE = wholemodule;
				SWIFT_OPTIMIZATION_LEVEL = "-O";
				VALIDATE_PRODUCT = YES;
			};
			name = Release;
		};
		1470FB0B25F205F600564036 /* Debug */ = {
			isa = XCBuildConfiguration;
			buildSettings = {
				ASSETCATALOG_COMPILER_APPICON_NAME = AppIcon;
				ASSETCATALOG_COMPILER_GLOBAL_ACCENT_COLOR_NAME = AccentColor;
				CODE_SIGN_STYLE = Automatic;
				DEVELOPMENT_ASSET_PATHS = "\"InvisibleMapCreator/Preview Content\"";
				DEVELOPMENT_TEAM = K78N9SK8FW;
				ENABLE_PREVIEWS = YES;
				INFOPLIST_FILE = InvisibleMapCreator/Info.plist;
				IPHONEOS_DEPLOYMENT_TARGET = 14.0;
				LD_RUNPATH_SEARCH_PATHS = (
					"$(inherited)",
					"@executable_path/Frameworks",
				);
				PRODUCT_BUNDLE_IDENTIFIER = Occam.InvisibleMapCreator;
				PRODUCT_NAME = "$(TARGET_NAME)";
				SWIFT_VERSION = 5.0;
				TARGETED_DEVICE_FAMILY = "1,2";
			};
			name = Debug;
		};
		1470FB0C25F205F600564036 /* Release */ = {
			isa = XCBuildConfiguration;
			buildSettings = {
				ASSETCATALOG_COMPILER_APPICON_NAME = AppIcon;
				ASSETCATALOG_COMPILER_GLOBAL_ACCENT_COLOR_NAME = AccentColor;
				CODE_SIGN_STYLE = Automatic;
				DEVELOPMENT_ASSET_PATHS = "\"InvisibleMapCreator/Preview Content\"";
				DEVELOPMENT_TEAM = K78N9SK8FW;
				ENABLE_PREVIEWS = YES;
				INFOPLIST_FILE = InvisibleMapCreator/Info.plist;
				IPHONEOS_DEPLOYMENT_TARGET = 14.0;
				LD_RUNPATH_SEARCH_PATHS = (
					"$(inherited)",
					"@executable_path/Frameworks",
				);
				PRODUCT_BUNDLE_IDENTIFIER = Occam.InvisibleMapCreator;
				PRODUCT_NAME = "$(TARGET_NAME)";
				SWIFT_VERSION = 5.0;
				TARGETED_DEVICE_FAMILY = "1,2";
			};
			name = Release;
		};
/* End XCBuildConfiguration section */

/* Begin XCConfigurationList section */
		1470FAF625F205EA00564036 /* Build configuration list for PBXProject "InvisibleMapCreator" */ = {
			isa = XCConfigurationList;
			buildConfigurations = (
				1470FB0825F205F600564036 /* Debug */,
				1470FB0925F205F600564036 /* Release */,
			);
			defaultConfigurationIsVisible = 0;
			defaultConfigurationName = Release;
		};
		1470FB0A25F205F600564036 /* Build configuration list for PBXNativeTarget "InvisibleMapCreator" */ = {
			isa = XCConfigurationList;
			buildConfigurations = (
				1470FB0B25F205F600564036 /* Debug */,
				1470FB0C25F205F600564036 /* Release */,
			);
			defaultConfigurationIsVisible = 0;
			defaultConfigurationName = Release;
		};
/* End XCConfigurationList section */
	};
	rootObject = 1470FAF325F205EA00564036 /* Project object */;
}
