// !$*UTF8*$!
{
	archiveVersion = 1;
	classes = {
	};
	objectVersion = 50;
	objects = {

/* Begin PBXBuildFile section */
		14723AD025E4A165006FABC1 /* AppDelegate.swift in Sources */ = {isa = PBXBuildFile; fileRef = 14723ACF25E4A165006FABC1 /* AppDelegate.swift */; };
		14723AD225E4A165006FABC1 /* ContentView.swift in Sources */ = {isa = PBXBuildFile; fileRef = 14723AD125E4A165006FABC1 /* ContentView.swift */; };
		14723AD425E4A165006FABC1 /* Experience.rcproject in Sources */ = {isa = PBXBuildFile; fileRef = 14723AD325E4A165006FABC1 /* Experience.rcproject */; };
		14723AD625E4A167006FABC1 /* Assets.xcassets in Resources */ = {isa = PBXBuildFile; fileRef = 14723AD525E4A167006FABC1 /* Assets.xcassets */; };
		14723AD925E4A167006FABC1 /* Preview Assets.xcassets in Resources */ = {isa = PBXBuildFile; fileRef = 14723AD825E4A167006FABC1 /* Preview Assets.xcassets */; };
		14723AE625E4ABE6006FABC1 /* SideMenuView.swift in Sources */ = {isa = PBXBuildFile; fileRef = 14723AE525E4ABE6006FABC1 /* SideMenuView.swift */; };
		14723AEC25E4ACA6006FABC1 /* SideMenuViewModel.swift in Sources */ = {isa = PBXBuildFile; fileRef = 14723AEB25E4ACA6006FABC1 /* SideMenuViewModel.swift */; };
		14723AF325E4C35F006FABC1 /* SideMenuOptionView.swift in Sources */ = {isa = PBXBuildFile; fileRef = 14723AF225E4C35E006FABC1 /* SideMenuOptionView.swift */; };
/* End PBXBuildFile section */

/* Begin PBXFileReference section */
		14723ACC25E4A165006FABC1 /* InvisibleMapCreator.app */ = {isa = PBXFileReference; explicitFileType = wrapper.application; includeInIndex = 0; path = InvisibleMapCreator.app; sourceTree = BUILT_PRODUCTS_DIR; };
		14723ACF25E4A165006FABC1 /* AppDelegate.swift */ = {isa = PBXFileReference; lastKnownFileType = sourcecode.swift; path = AppDelegate.swift; sourceTree = "<group>"; };
		14723AD125E4A165006FABC1 /* ContentView.swift */ = {isa = PBXFileReference; lastKnownFileType = sourcecode.swift; path = ContentView.swift; sourceTree = "<group>"; };
		14723AD325E4A165006FABC1 /* Experience.rcproject */ = {isa = PBXFileReference; lastKnownFileType = file.rcproject; path = Experience.rcproject; sourceTree = "<group>"; };
		14723AD525E4A167006FABC1 /* Assets.xcassets */ = {isa = PBXFileReference; lastKnownFileType = folder.assetcatalog; path = Assets.xcassets; sourceTree = "<group>"; };
		14723AD825E4A167006FABC1 /* Preview Assets.xcassets */ = {isa = PBXFileReference; lastKnownFileType = folder.assetcatalog; path = "Preview Assets.xcassets"; sourceTree = "<group>"; };
		14723ADA25E4A167006FABC1 /* Info.plist */ = {isa = PBXFileReference; lastKnownFileType = text.plist.xml; path = Info.plist; sourceTree = "<group>"; };
		14723AE525E4ABE6006FABC1 /* SideMenuView.swift */ = {isa = PBXFileReference; lastKnownFileType = sourcecode.swift; path = SideMenuView.swift; sourceTree = "<group>"; };
		14723AEB25E4ACA6006FABC1 /* SideMenuViewModel.swift */ = {isa = PBXFileReference; lastKnownFileType = sourcecode.swift; path = SideMenuViewModel.swift; sourceTree = "<group>"; };
		14723AF225E4C35E006FABC1 /* SideMenuOptionView.swift */ = {isa = PBXFileReference; lastKnownFileType = sourcecode.swift; path = SideMenuOptionView.swift; sourceTree = "<group>"; };
/* End PBXFileReference section */

/* Begin PBXFrameworksBuildPhase section */
		14723AC925E4A165006FABC1 /* Frameworks */ = {
			isa = PBXFrameworksBuildPhase;
			buildActionMask = 2147483647;
			files = (
			);
			runOnlyForDeploymentPostprocessing = 0;
		};
/* End PBXFrameworksBuildPhase section */

/* Begin PBXGroup section */
		14723AC325E4A165006FABC1 = {
			isa = PBXGroup;
			children = (
				14723ACE25E4A165006FABC1 /* InvisibleMapCreator */,
				14723ACD25E4A165006FABC1 /* Products */,
			);
			sourceTree = "<group>";
		};
		14723ACD25E4A165006FABC1 /* Products */ = {
			isa = PBXGroup;
			children = (
				14723ACC25E4A165006FABC1 /* InvisibleMapCreator.app */,
			);
			name = Products;
			sourceTree = "<group>";
		};
		14723ACE25E4A165006FABC1 /* InvisibleMapCreator */ = {
			isa = PBXGroup;
			children = (
				14723ACF25E4A165006FABC1 /* AppDelegate.swift */,
				14723AF625E4C4A6006FABC1 /* Views */,
				14723AEB25E4ACA6006FABC1 /* SideMenuViewModel.swift */,
				14723AD325E4A165006FABC1 /* Experience.rcproject */,
				14723AD525E4A167006FABC1 /* Assets.xcassets */,
				14723ADA25E4A167006FABC1 /* Info.plist */,
				14723AD725E4A167006FABC1 /* Preview Content */,
			);
			path = InvisibleMapCreator;
			sourceTree = "<group>";
		};
		14723AD725E4A167006FABC1 /* Preview Content */ = {
			isa = PBXGroup;
			children = (
				14723AD825E4A167006FABC1 /* Preview Assets.xcassets */,
			);
			path = "Preview Content";
			sourceTree = "<group>";
		};
		14723AF625E4C4A6006FABC1 /* Views */ = {
			isa = PBXGroup;
			children = (
				14723AD125E4A165006FABC1 /* ContentView.swift */,
				14723AE525E4ABE6006FABC1 /* SideMenuView.swift */,
				14723AF225E4C35E006FABC1 /* SideMenuOptionView.swift */,
			);
			path = Views;
			sourceTree = "<group>";
		};
/* End PBXGroup section */

/* Begin PBXNativeTarget section */
		14723ACB25E4A165006FABC1 /* InvisibleMapCreator */ = {
			isa = PBXNativeTarget;
			buildConfigurationList = 14723ADD25E4A167006FABC1 /* Build configuration list for PBXNativeTarget "InvisibleMapCreator" */;
			buildPhases = (
				14723AC825E4A165006FABC1 /* Sources */,
				14723AC925E4A165006FABC1 /* Frameworks */,
				14723ACA25E4A165006FABC1 /* Resources */,
			);
			buildRules = (
			);
			dependencies = (
			);
			name = InvisibleMapCreator;
			productName = InvisibleMapCreator;
			productReference = 14723ACC25E4A165006FABC1 /* InvisibleMapCreator.app */;
			productType = "com.apple.product-type.application";
		};
/* End PBXNativeTarget section */

/* Begin PBXProject section */
		14723AC425E4A165006FABC1 /* Project object */ = {
			isa = PBXProject;
			attributes = {
				LastSwiftUpdateCheck = 1240;
				LastUpgradeCheck = 1240;
				TargetAttributes = {
					14723ACB25E4A165006FABC1 = {
						CreatedOnToolsVersion = 12.4;
					};
				};
			};
			buildConfigurationList = 14723AC725E4A165006FABC1 /* Build configuration list for PBXProject "InvisibleMapCreator" */;
			compatibilityVersion = "Xcode 9.3";
			developmentRegion = en;
			hasScannedForEncodings = 0;
			knownRegions = (
				en,
				Base,
			);
			mainGroup = 14723AC325E4A165006FABC1;
			productRefGroup = 14723ACD25E4A165006FABC1 /* Products */;
			projectDirPath = "";
			projectRoot = "";
			targets = (
				14723ACB25E4A165006FABC1 /* InvisibleMapCreator */,
			);
		};
/* End PBXProject section */

/* Begin PBXResourcesBuildPhase section */
		14723ACA25E4A165006FABC1 /* Resources */ = {
			isa = PBXResourcesBuildPhase;
			buildActionMask = 2147483647;
			files = (
				14723AD925E4A167006FABC1 /* Preview Assets.xcassets in Resources */,
				14723AD625E4A167006FABC1 /* Assets.xcassets in Resources */,
			);
			runOnlyForDeploymentPostprocessing = 0;
		};
/* End PBXResourcesBuildPhase section */

/* Begin PBXSourcesBuildPhase section */
		14723AC825E4A165006FABC1 /* Sources */ = {
			isa = PBXSourcesBuildPhase;
			buildActionMask = 2147483647;
			files = (
				14723AD225E4A165006FABC1 /* ContentView.swift in Sources */,
				14723AF325E4C35F006FABC1 /* SideMenuOptionView.swift in Sources */,
				14723AD025E4A165006FABC1 /* AppDelegate.swift in Sources */,
				14723AE625E4ABE6006FABC1 /* SideMenuView.swift in Sources */,
				14723AEC25E4ACA6006FABC1 /* SideMenuViewModel.swift in Sources */,
				14723AD425E4A165006FABC1 /* Experience.rcproject in Sources */,
			);
			runOnlyForDeploymentPostprocessing = 0;
		};
/* End PBXSourcesBuildPhase section */

/* Begin XCBuildConfiguration section */
		14723ADB25E4A167006FABC1 /* Debug */ = {
			isa = XCBuildConfiguration;
			buildSettings = {
				ALWAYS_SEARCH_USER_PATHS = NO;
				CLANG_ANALYZER_NONNULL = YES;
				CLANG_ANALYZER_NUMBER_OBJECT_CONVERSION = YES_AGGRESSIVE;
				CLANG_CXX_LANGUAGE_STANDARD = "gnu++14";
				CLANG_CXX_LIBRARY = "libc++";
				CLANG_ENABLE_MODULES = YES;
				CLANG_ENABLE_OBJC_ARC = YES;
				CLANG_ENABLE_OBJC_WEAK = YES;
				CLANG_WARN_BLOCK_CAPTURE_AUTORELEASING = YES;
				CLANG_WARN_BOOL_CONVERSION = YES;
				CLANG_WARN_COMMA = YES;
				CLANG_WARN_CONSTANT_CONVERSION = YES;
				CLANG_WARN_DEPRECATED_OBJC_IMPLEMENTATIONS = YES;
				CLANG_WARN_DIRECT_OBJC_ISA_USAGE = YES_ERROR;
				CLANG_WARN_DOCUMENTATION_COMMENTS = YES;
				CLANG_WARN_EMPTY_BODY = YES;
				CLANG_WARN_ENUM_CONVERSION = YES;
				CLANG_WARN_INFINITE_RECURSION = YES;
				CLANG_WARN_INT_CONVERSION = YES;
				CLANG_WARN_NON_LITERAL_NULL_CONVERSION = YES;
				CLANG_WARN_OBJC_IMPLICIT_RETAIN_SELF = YES;
				CLANG_WARN_OBJC_LITERAL_CONVERSION = YES;
				CLANG_WARN_OBJC_ROOT_CLASS = YES_ERROR;
				CLANG_WARN_QUOTED_INCLUDE_IN_FRAMEWORK_HEADER = YES;
				CLANG_WARN_RANGE_LOOP_ANALYSIS = YES;
				CLANG_WARN_STRICT_PROTOTYPES = YES;
				CLANG_WARN_SUSPICIOUS_MOVE = YES;
				CLANG_WARN_UNGUARDED_AVAILABILITY = YES_AGGRESSIVE;
				CLANG_WARN_UNREACHABLE_CODE = YES;
				CLANG_WARN__DUPLICATE_METHOD_MATCH = YES;
				COPY_PHASE_STRIP = NO;
				DEBUG_INFORMATION_FORMAT = dwarf;
				ENABLE_STRICT_OBJC_MSGSEND = YES;
				ENABLE_TESTABILITY = YES;
				GCC_C_LANGUAGE_STANDARD = gnu11;
				GCC_DYNAMIC_NO_PIC = NO;
				GCC_NO_COMMON_BLOCKS = YES;
				GCC_OPTIMIZATION_LEVEL = 0;
				GCC_PREPROCESSOR_DEFINITIONS = (
					"DEBUG=1",
					"$(inherited)",
				);
				GCC_WARN_64_TO_32_BIT_CONVERSION = YES;
				GCC_WARN_ABOUT_RETURN_TYPE = YES_ERROR;
				GCC_WARN_UNDECLARED_SELECTOR = YES;
				GCC_WARN_UNINITIALIZED_AUTOS = YES_AGGRESSIVE;
				GCC_WARN_UNUSED_FUNCTION = YES;
				GCC_WARN_UNUSED_VARIABLE = YES;
				IPHONEOS_DEPLOYMENT_TARGET = 14.4;
				MTL_ENABLE_DEBUG_INFO = INCLUDE_SOURCE;
				MTL_FAST_MATH = YES;
				ONLY_ACTIVE_ARCH = YES;
				SDKROOT = iphoneos;
				SWIFT_ACTIVE_COMPILATION_CONDITIONS = DEBUG;
				SWIFT_OPTIMIZATION_LEVEL = "-Onone";
			};
			name = Debug;
		};
		14723ADC25E4A167006FABC1 /* Release */ = {
			isa = XCBuildConfiguration;
			buildSettings = {
				ALWAYS_SEARCH_USER_PATHS = NO;
				CLANG_ANALYZER_NONNULL = YES;
				CLANG_ANALYZER_NUMBER_OBJECT_CONVERSION = YES_AGGRESSIVE;
				CLANG_CXX_LANGUAGE_STANDARD = "gnu++14";
				CLANG_CXX_LIBRARY = "libc++";
				CLANG_ENABLE_MODULES = YES;
				CLANG_ENABLE_OBJC_ARC = YES;
				CLANG_ENABLE_OBJC_WEAK = YES;
				CLANG_WARN_BLOCK_CAPTURE_AUTORELEASING = YES;
				CLANG_WARN_BOOL_CONVERSION = YES;
				CLANG_WARN_COMMA = YES;
				CLANG_WARN_CONSTANT_CONVERSION = YES;
				CLANG_WARN_DEPRECATED_OBJC_IMPLEMENTATIONS = YES;
				CLANG_WARN_DIRECT_OBJC_ISA_USAGE = YES_ERROR;
				CLANG_WARN_DOCUMENTATION_COMMENTS = YES;
				CLANG_WARN_EMPTY_BODY = YES;
				CLANG_WARN_ENUM_CONVERSION = YES;
				CLANG_WARN_INFINITE_RECURSION = YES;
				CLANG_WARN_INT_CONVERSION = YES;
				CLANG_WARN_NON_LITERAL_NULL_CONVERSION = YES;
				CLANG_WARN_OBJC_IMPLICIT_RETAIN_SELF = YES;
				CLANG_WARN_OBJC_LITERAL_CONVERSION = YES;
				CLANG_WARN_OBJC_ROOT_CLASS = YES_ERROR;
				CLANG_WARN_QUOTED_INCLUDE_IN_FRAMEWORK_HEADER = YES;
				CLANG_WARN_RANGE_LOOP_ANALYSIS = YES;
				CLANG_WARN_STRICT_PROTOTYPES = YES;
				CLANG_WARN_SUSPICIOUS_MOVE = YES;
				CLANG_WARN_UNGUARDED_AVAILABILITY = YES_AGGRESSIVE;
				CLANG_WARN_UNREACHABLE_CODE = YES;
				CLANG_WARN__DUPLICATE_METHOD_MATCH = YES;
				COPY_PHASE_STRIP = NO;
				DEBUG_INFORMATION_FORMAT = "dwarf-with-dsym";
				ENABLE_NS_ASSERTIONS = NO;
				ENABLE_STRICT_OBJC_MSGSEND = YES;
				GCC_C_LANGUAGE_STANDARD = gnu11;
				GCC_NO_COMMON_BLOCKS = YES;
				GCC_WARN_64_TO_32_BIT_CONVERSION = YES;
				GCC_WARN_ABOUT_RETURN_TYPE = YES_ERROR;
				GCC_WARN_UNDECLARED_SELECTOR = YES;
				GCC_WARN_UNINITIALIZED_AUTOS = YES_AGGRESSIVE;
				GCC_WARN_UNUSED_FUNCTION = YES;
				GCC_WARN_UNUSED_VARIABLE = YES;
				IPHONEOS_DEPLOYMENT_TARGET = 14.4;
				MTL_ENABLE_DEBUG_INFO = NO;
				MTL_FAST_MATH = YES;
				SDKROOT = iphoneos;
				SWIFT_COMPILATION_MODE = wholemodule;
				SWIFT_OPTIMIZATION_LEVEL = "-O";
				VALIDATE_PRODUCT = YES;
			};
			name = Release;
		};
		14723ADE25E4A167006FABC1 /* Debug */ = {
			isa = XCBuildConfiguration;
			buildSettings = {
				ASSETCATALOG_COMPILER_APPICON_NAME = AppIcon;
				ASSETCATALOG_COMPILER_GLOBAL_ACCENT_COLOR_NAME = AccentColor;
				CODE_SIGN_STYLE = Automatic;
				DEVELOPMENT_ASSET_PATHS = "\"InvisibleMapCreator/Preview Content\"";
				DEVELOPMENT_TEAM = K78N9SK8FW;
				ENABLE_PREVIEWS = YES;
				INFOPLIST_FILE = InvisibleMapCreator/Info.plist;
				LD_RUNPATH_SEARCH_PATHS = (
					"$(inherited)",
					"@executable_path/Frameworks",
				);
				PRODUCT_BUNDLE_IDENTIFIER = test.InvisibleMapCreator;
				PRODUCT_NAME = "$(TARGET_NAME)";
				SWIFT_VERSION = 5.0;
				TARGETED_DEVICE_FAMILY = "1,2";
			};
			name = Debug;
		};
		14723ADF25E4A167006FABC1 /* Release */ = {
			isa = XCBuildConfiguration;
			buildSettings = {
				ASSETCATALOG_COMPILER_APPICON_NAME = AppIcon;
				ASSETCATALOG_COMPILER_GLOBAL_ACCENT_COLOR_NAME = AccentColor;
				CODE_SIGN_STYLE = Automatic;
				DEVELOPMENT_ASSET_PATHS = "\"InvisibleMapCreator/Preview Content\"";
				DEVELOPMENT_TEAM = K78N9SK8FW;
				ENABLE_PREVIEWS = YES;
				INFOPLIST_FILE = InvisibleMapCreator/Info.plist;
				LD_RUNPATH_SEARCH_PATHS = (
					"$(inherited)",
					"@executable_path/Frameworks",
				);
				PRODUCT_BUNDLE_IDENTIFIER = test.InvisibleMapCreator;
				PRODUCT_NAME = "$(TARGET_NAME)";
				SWIFT_VERSION = 5.0;
				TARGETED_DEVICE_FAMILY = "1,2";
			};
			name = Release;
		};
/* End XCBuildConfiguration section */

/* Begin XCConfigurationList section */
		14723AC725E4A165006FABC1 /* Build configuration list for PBXProject "InvisibleMapCreator" */ = {
			isa = XCConfigurationList;
			buildConfigurations = (
				14723ADB25E4A167006FABC1 /* Debug */,
				14723ADC25E4A167006FABC1 /* Release */,
			);
			defaultConfigurationIsVisible = 0;
			defaultConfigurationName = Release;
		};
		14723ADD25E4A167006FABC1 /* Build configuration list for PBXNativeTarget "InvisibleMapCreator" */ = {
			isa = XCConfigurationList;
			buildConfigurations = (
				14723ADE25E4A167006FABC1 /* Debug */,
				14723ADF25E4A167006FABC1 /* Release */,
			);
			defaultConfigurationIsVisible = 0;
			defaultConfigurationName = Release;
		};
/* End XCConfigurationList section */
	};
	rootObject = 14723AC425E4A165006FABC1 /* Project object */;
}
